
Microsoft Visual Studio Solution File, Format Version 12.00
# Visual Studio 15
VisualStudioVersion = 15.0.28307.489
MinimumVisualStudioVersion = 10.0.40219.1
Project("{FAE04EC0-301F-11D3-BF4B-00C04F79EFBC}") = "Ava", "Ava.csproj", "{1E9C0631-C689-4C92-A193-CBDD525493FC}"
EndProject
Global
	GlobalSection(SolutionConfigurationPlatforms) = preSolution
		Debug|Any CPU = Debug|Any CPU
		Debug|x64 = Debug|x64
		Omnium|Any CPU = Omnium|Any CPU
		Omnium|x64 = Omnium|x64
		Release|Any CPU = Release|Any CPU
		Release|x64 = Release|x64
	EndGlobalSection
	GlobalSection(ProjectConfigurationPlatforms) = postSolution
		{1E9C0631-C689-4C92-A193-CBDD525493FC}.Debug|Any CPU.ActiveCfg = Debug|Any CPU
		{1E9C0631-C689-4C92-A193-CBDD525493FC}.Debug|Any CPU.Build.0 = Debug|Any CPU
		{1E9C0631-C689-4C92-A193-CBDD525493FC}.Debug|x64.ActiveCfg = Debug|x64
		{1E9C0631-C689-4C92-A193-CBDD525493FC}.Debug|x64.Build.0 = Debug|x64
		{1E9C0631-C689-4C92-A193-CBDD525493FC}.Omnium|Any CPU.ActiveCfg = Omnium|Any CPU
		{1E9C0631-C689-4C92-A193-CBDD525493FC}.Omnium|Any CPU.Build.0 = Omnium|Any CPU
		{1E9C0631-C689-4C92-A193-CBDD525493FC}.Omnium|x64.ActiveCfg = Omnium|x64
		{1E9C0631-C689-4C92-A193-CBDD525493FC}.Omnium|x64.Build.0 = Omnium|x64
		{1E9C0631-C689-4C92-A193-CBDD525493FC}.Release|Any CPU.ActiveCfg = Release|Any CPU
		{1E9C0631-C689-4C92-A193-CBDD525493FC}.Release|Any CPU.Build.0 = Release|Any CPU
		{1E9C0631-C689-4C92-A193-CBDD525493FC}.Release|x64.ActiveCfg = Release|x64
		{1E9C0631-C689-4C92-A193-CBDD525493FC}.Release|x64.Build.0 = Release|x64
	EndGlobalSection
	GlobalSection(SolutionProperties) = preSolution
		HideSolutionNode = FALSE
	EndGlobalSection
	GlobalSection(ExtensibilityGlobals) = postSolution
		SolutionGuid = {F989D6F0-0461-4417-88BE-2E9FE0942D6F}
	EndGlobalSection
EndGlobal
