
Microsoft Visual Studio Solution File, Format Version 12.00
# Visual Studio 15
VisualStudioVersion = 15.0.28307.489
MinimumVisualStudioVersion = 10.0.40219.1
Project("{FAE04EC0-301F-11D3-BF4B-00C04F79EFBC}") = "LearnBot-v1.0", "LearnBot-v1.0.csproj", "{1C780576-1C95-41F3-A1EE-2A2A8ECBFA03}"
EndProject
Global
	GlobalSection(SolutionConfigurationPlatforms) = preSolution
		Debug|Any CPU = Debug|Any CPU
		Debug|x64 = Debug|x64
		Debug|x86 = Debug|x86
		Omnium|Any CPU = Omnium|Any CPU
		Omnium|x64 = Omnium|x64
		Omnium|x86 = Omnium|x86
		Release|Any CPU = Release|Any CPU
		Release|x64 = Release|x64
		Release|x86 = Release|x86
	EndGlobalSection
	GlobalSection(ProjectConfigurationPlatforms) = postSolution
		{1C780576-1C95-41F3-A1EE-2A2A8ECBFA03}.Debug|Any CPU.ActiveCfg = Debug|Any CPU
		{1C780576-1C95-41F3-A1EE-2A2A8ECBFA03}.Debug|Any CPU.Build.0 = Debug|Any CPU
		{1C780576-1C95-41F3-A1EE-2A2A8ECBFA03}.Debug|x64.ActiveCfg = Debug|x64
		{1C780576-1C95-41F3-A1EE-2A2A8ECBFA03}.Debug|x64.Build.0 = Debug|x64
		{1C780576-1C95-41F3-A1EE-2A2A8ECBFA03}.Debug|x86.ActiveCfg = Debug|x86
		{1C780576-1C95-41F3-A1EE-2A2A8ECBFA03}.Debug|x86.Build.0 = Debug|x86
		{1C780576-1C95-41F3-A1EE-2A2A8ECBFA03}.Omnium|Any CPU.ActiveCfg = Omnium|Any CPU
		{1C780576-1C95-41F3-A1EE-2A2A8ECBFA03}.Omnium|Any CPU.Build.0 = Omnium|Any CPU
		{1C780576-1C95-41F3-A1EE-2A2A8ECBFA03}.Omnium|x64.ActiveCfg = Omnium|x64
		{1C780576-1C95-41F3-A1EE-2A2A8ECBFA03}.Omnium|x64.Build.0 = Omnium|x64
		{1C780576-1C95-41F3-A1EE-2A2A8ECBFA03}.Omnium|x86.ActiveCfg = Omnium|x86
		{1C780576-1C95-41F3-A1EE-2A2A8ECBFA03}.Omnium|x86.Build.0 = Omnium|x86
		{1C780576-1C95-41F3-A1EE-2A2A8ECBFA03}.Release|Any CPU.ActiveCfg = Release|Any CPU
		{1C780576-1C95-41F3-A1EE-2A2A8ECBFA03}.Release|Any CPU.Build.0 = Release|Any CPU
		{1C780576-1C95-41F3-A1EE-2A2A8ECBFA03}.Release|x64.ActiveCfg = Release|x64
		{1C780576-1C95-41F3-A1EE-2A2A8ECBFA03}.Release|x64.Build.0 = Release|x64
		{1C780576-1C95-41F3-A1EE-2A2A8ECBFA03}.Release|x86.ActiveCfg = Release|x86
		{1C780576-1C95-41F3-A1EE-2A2A8ECBFA03}.Release|x86.Build.0 = Release|x86
	EndGlobalSection
	GlobalSection(SolutionProperties) = preSolution
		HideSolutionNode = FALSE
	EndGlobalSection
	GlobalSection(ExtensibilityGlobals) = postSolution
		SolutionGuid = {2B36F010-A06A-41E5-8A49-D2E1A6D01D5D}
	EndGlobalSection
EndGlobal
